---
sources:
- type: git
  name: ruby/gem_rbs_collection
  revision: 28208148c7e64a25e9b86b9723b4c3a2cef14e81
  remote: https://github.com/ruby/gem_rbs_collection.git
  repo_dir: gems
path: ".gem_rbs_collection"
gems:
- name: cgi
  version: '0'
  source:
    type: stdlib
- name: erb
  version: '0'
  source:
    type: stdlib
- name: fileutils
  version: '0'
  source:
    type: stdlib
- name: optparse
  version: '0'
  source:
    type: stdlib
- name: pathname
  version: '0'
  source:
    type: stdlib
- name: rack
  version: '2.2'
  source:
    type: git
    name: ruby/gem_rbs_collection
    revision: 28208148c7e64a25e9b86b9723b4c3a2cef14e81
    remote: https://github.com/ruby/gem_rbs_collection.git
    repo_dir: gems
- name: ripper
  version: '0'
  source:
    type: stdlib
- name: strscan
  version: '0'
  source:
    type: stdlib
- name: tempfile
  version: '0'
  source:
    type: stdlib
- name: uri
  version: '0'
  source:
    type: stdlib
gemfile_lock_path: Gemfile.lock
