---
path: ".gem_rbs_collection"
gems:
- name: bitclust-core
  version: 1.4.0
  source:
    type: rubygems
- name: cgi
  version: '0'
  source:
    type: stdlib
- name: date
  version: '0'
  source:
    type: stdlib
- name: dbm
  version: '0'
  source:
    type: stdlib
- name: digest
  version: '0'
  source:
    type: stdlib
- name: erb
  version: '0'
  source:
    type: stdlib
- name: fileutils
  version: '0'
  source:
    type: stdlib
- name: json
  version: '0'
  source:
    type: stdlib
- name: nkf
  version: '0'
  source:
    type: stdlib
- name: openssl
  version: '0'
  source:
    type: stdlib
- name: optparse
  version: '0'
  source:
    type: stdlib
- name: pathname
  version: '0'
  source:
    type: stdlib
- name: pstore
  version: '0'
  source:
    type: stdlib
- name: psych
  version: '0'
  source:
    type: stdlib
- name: rack
  version: '2.2'
  source:
    type: git
    name: ruby/gem_rbs_collection
    revision: f4741eee0b2beeec437767c16d28b50ed7bd6fc8
    remote: https://github.com/ruby/gem_rbs_collection.git
    repo_dir: gems
- name: rake
  version: '13.0'
  source:
    type: git
    name: ruby/gem_rbs_collection
    revision: f4741eee0b2beeec437767c16d28b50ed7bd6fc8
    remote: https://github.com/ruby/gem_rbs_collection.git
    repo_dir: gems
- name: ripper
  version: '0'
  source:
    type: stdlib
- name: singleton
  version: '0'
  source:
    type: stdlib
- name: socket
  version: '0'
  source:
    type: stdlib
- name: stringio
  version: '0'
  source:
    type: stdlib
- name: strscan
  version: '0'
  source:
    type: stdlib
- name: tempfile
  version: '0'
  source:
    type: stdlib
- name: tmpdir
  version: '0'
  source:
    type: stdlib
- name: uri
  version: '0'
  source:
    type: stdlib
- name: webrick
  version: 1.9.1
  source:
    type: rubygems
- name: yaml
  version: '0'
  source:
    type: stdlib
gemfile_lock_path: Gemfile.lock
